// !$*UTF8*$!
{
	archiveVersion = 1;
	classes = {
	};
	objectVersion = 77;
	objects = {

/* Begin PBXBuildFile section */
		B30D38DB2D458C4E00B8196B /* llama-adapter.cpp in Sources */ = {isa = PBXBuildFile; fileRef = B30D38B72D458C4E00B8196B /* llama-adapter.cpp */; };
		B30D38DC2D458C4E00B8196B /* llama-grammar.cpp in Sources */ = {isa = PBXBuildFile; fileRef = B30D38C32D458C4E00B8196B /* llama-grammar.cpp */; };
		B30D38DD2D458C4E00B8196B /* unicode.cpp in Sources */ = {isa = PBXBuildFile; fileRef = B30D38D72D458C4E00B8196B /* unicode.cpp */; };
		B30D38DE2D458C4E00B8196B /* llama-arch.cpp in Sources */ = {isa = PBXBuildFile; fileRef = B30D38B92D458C4E00B8196B /* llama-arch.cpp */; };
		B30D38DF2D458C4E00B8196B /* llama-quant.cpp in Sources */ = {isa = PBXBuildFile; fileRef = B30D38D12D458C4E00B8196B /* llama-quant.cpp */; };
		B30D38E02D458C4E00B8196B /* llama-context.cpp in Sources */ = {isa = PBXBuildFile; fileRef = B30D38BF2D458C4E00B8196B /* llama-context.cpp */; };
		B30D38E12D458C4E00B8196B /* llama-vocab.cpp in Sources */ = {isa = PBXBuildFile; fileRef = B30D38D52D458C4E00B8196B /* llama-vocab.cpp */; };
		B30D38E22D458C4E00B8196B /* llama-sampling.cpp in Sources */ = {isa = PBXBuildFile; fileRef = B30D38D32D458C4E00B8196B /* llama-sampling.cpp */; };
		B30D38E32D458C4E00B8196B /* llama-hparams.cpp in Sources */ = {isa = PBXBuildFile; fileRef = B30D38C52D458C4E00B8196B /* llama-hparams.cpp */; };
		B30D38E52D458C4E00B8196B /* llama-batch.cpp in Sources */ = {isa = PBXBuildFile; fileRef = B30D38BB2D458C4E00B8196B /* llama-batch.cpp */; };
		B30D38E62D458C4E00B8196B /* llama-model.cpp in Sources */ = {isa = PBXBuildFile; fileRef = B30D38CD2D458C4E00B8196B /* llama-model.cpp */; };
		B30D38E72D458C4E00B8196B /* llama-cparams.cpp in Sources */ = {isa = PBXBuildFile; fileRef = B30D38C12D458C4E00B8196B /* llama-cparams.cpp */; };
		B30D38E82D458C4E00B8196B /* llama-mmap.cpp in Sources */ = {isa = PBXBuildFile; fileRef = B30D38CB2D458C4E00B8196B /* llama-mmap.cpp */; };
		B30D38E92D458C4E00B8196B /* unicode-data.cpp in Sources */ = {isa = PBXBuildFile; fileRef = B30D38D92D458C4E00B8196B /* unicode-data.cpp */; };
		B30D38EA2D458C4E00B8196B /* llama-impl.cpp in Sources */ = {isa = PBXBuildFile; fileRef = B30D38C72D458C4E00B8196B /* llama-impl.cpp */; };
		B30D38EB2D458C4E00B8196B /* llama-model-loader.cpp in Sources */ = {isa = PBXBuildFile; fileRef = B30D38CF2D458C4E00B8196B /* llama-model-loader.cpp */; };
		B30D38EC2D458C4E00B8196B /* llama-kv-cache.cpp in Sources */ = {isa = PBXBuildFile; fileRef = B30D38C92D458C4E00B8196B /* llama-kv-cache.cpp */; };
		B30D38ED2D458C4E00B8196B /* llama-chat.cpp in Sources */ = {isa = PBXBuildFile; fileRef = B30D38BD2D458C4E00B8196B /* llama-chat.cpp */; };
		B30D39092D458CDF00B8196B /* console.cpp in Sources */ = {isa = PBXBuildFile; fileRef = B30D38FA2D458CDF00B8196B /* console.cpp */; };
		B30D390A2D458CDF00B8196B /* common.cpp in Sources */ = {isa = PBXBuildFile; fileRef = B30D38F82D458CDF00B8196B /* common.cpp */; };
		B30D390B2D458CDF00B8196B /* speculative.cpp in Sources */ = {isa = PBXBuildFile; fileRef = B30D39062D458CDF00B8196B /* speculative.cpp */; };
		B30D390C2D458CDF00B8196B /* arg.cpp in Sources */ = {isa = PBXBuildFile; fileRef = B30D38F22D458CDF00B8196B /* arg.cpp */; };
		B30D390D2D458CDF00B8196B /* json-schema-to-grammar.cpp in Sources */ = {isa = PBXBuildFile; fileRef = B30D38FD2D458CDF00B8196B /* json-schema-to-grammar.cpp */; };
		B30D390E2D458CDF00B8196B /* ngram-cache.cpp in Sources */ = {isa = PBXBuildFile; fileRef = B30D39022D458CDF00B8196B /* ngram-cache.cpp */; };
		B30D390F2D458CDF00B8196B /* log.cpp in Sources */ = {isa = PBXBuildFile; fileRef = B30D38FF2D458CDF00B8196B /* log.cpp */; };
		B30D39102D458CDF00B8196B /* sampling.cpp in Sources */ = {isa = PBXBuildFile; fileRef = B30D39042D458CDF00B8196B /* sampling.cpp */; };
		B30D39172D458DA600B8196B /* llama-if.cpp in Sources */ = {isa = PBXBuildFile; fileRef = B30D39162D458DA600B8196B /* llama-if.cpp */; };
		B30D39182D458DA600B8196B /* llama-build.cpp in Sources */ = {isa = PBXBuildFile; fileRef = B30D39142D458DA600B8196B /* llama-build.cpp */; };
		B30D39292D458EFA00B8196B /* granite-3.1-1b-a400m-instruct-Q8_0.gguf in Resources */ = {isa = PBXBuildFile; fileRef = B30D391C2D458EFA00B8196B /* granite-3.1-1b-a400m-instruct-Q8_0.gguf */; };
		B313D3A52D4826E400155A33 /* ggml-metal.m in Sources */ = {isa = PBXBuildFile; fileRef = B313D3A02D4826E400155A33 /* ggml-metal.m */; };
		B313D3A62D4826E400155A33 /* ggml-metal.metal in Sources */ = {isa = PBXBuildFile; fileRef = B313D3A12D4826E400155A33 /* ggml-metal.metal */; };
		B33026C52DA1F40C0082BBB5 /* app3.js in Resources */ = {isa = PBXBuildFile; fileRef = B33026C42DA1F40C0082BBB5 /* app3.js */; };
		B33026C72DA1F46B0082BBB5 /* app3.css in Resources */ = {isa = PBXBuildFile; fileRef = B33026C62DA1F46B0082BBB5 /* app3.css */; };
		B33E9D022D4B21FA005FEE9B /* PrivacyInfo.xcprivacy in Resources */ = {isa = PBXBuildFile; fileRef = B33E9D012D4B21FA005FEE9B /* PrivacyInfo.xcprivacy */; };
		B34A04482D458A880010D066 /* ggml-quants.c in Sources */ = {isa = PBXBuildFile; fileRef = B34A04352D458A880010D066 /* ggml-quants.c */; };
		B34A044C2D458A880010D066 /* ggml-threading.cpp in Sources */ = {isa = PBXBuildFile; fileRef = B34A04372D458A880010D066 /* ggml-threading.cpp */; };
		B34A044D2D458A880010D066 /* ggml-backend.cpp in Sources */ = {isa = PBXBuildFile; fileRef = B34A042E2D458A880010D066 /* ggml-backend.cpp */; };
		B34A04522D458A880010D066 /* ggml-cpu.c in Sources */ = {isa = PBXBuildFile; fileRef = B34A02982D458A880010D066 /* ggml-cpu.c */; };
		B34A04582D458A880010D066 /* ggml-cpu-quants.c in Sources */ = {isa = PBXBuildFile; fileRef = B34A02A02D458A880010D066 /* ggml-cpu-quants.c */; };
		B34A04612D458A880010D066 /* ggml-backend-reg.cpp in Sources */ = {isa = PBXBuildFile; fileRef = B34A04302D458A880010D066 /* ggml-backend-reg.cpp */; };
		B34A04622D458A880010D066 /* ggml-cpu-traits.cpp in Sources */ = {isa = PBXBuildFile; fileRef = B34A02A22D458A880010D066 /* ggml-cpu-traits.cpp */; };
		B34A04642D458A880010D066 /* ggml-cpu-aarch64.cpp in Sources */ = {isa = PBXBuildFile; fileRef = B34A029B2D458A880010D066 /* ggml-cpu-aarch64.cpp */; };
		B34A04682D458A880010D066 /* ggml-opt.cpp in Sources */ = {isa = PBXBuildFile; fileRef = B34A04332D458A880010D066 /* ggml-opt.cpp */; };
		B34A046F2D458A880010D066 /* ggml.c in Sources */ = {isa = PBXBuildFile; fileRef = B34A042C2D458A880010D066 /* ggml.c */; };
		B34A04702D458A880010D066 /* ggml-alloc.c in Sources */ = {isa = PBXBuildFile; fileRef = B34A042D2D458A880010D066 /* ggml-alloc.c */; };
		B34A04712D458A880010D066 /* ggml-cpu.cpp in Sources */ = {isa = PBXBuildFile; fileRef = B34A02992D458A880010D066 /* ggml-cpu.cpp */; };
		B34A04732D458A880010D066 /* gguf.cpp in Sources */ = {isa = PBXBuildFile; fileRef = B34A04382D458A880010D066 /* gguf.cpp */; };
		B34A04762D458A880010D066 /* cpu-feats-x86.cpp in Sources */ = {isa = PBXBuildFile; fileRef = B34A02972D458A880010D066 /* cpu-feats-x86.cpp */; };
		B35FDE042DAB91A80068738F /* Downloads.swift in Sources */ = {isa = PBXBuildFile; fileRef = B35FDE032DAB91A80068738F /* Downloads.swift */; };
		B361EBE02D8FD06500B45B70 /* app1.css in Resources */ = {isa = PBXBuildFile; fileRef = B361EBDF2D8FD06500B45B70 /* app1.css */; };
		B361EBE22D92101100B45B70 /* ui.js in Resources */ = {isa = PBXBuildFile; fileRef = B361EBE12D92101100B45B70 /* ui.js */; };
		B363D0A42D7DD32600993F90 /* markdown.js in Resources */ = {isa = PBXBuildFile; fileRef = B363D0A22D7DD32600993F90 /* markdown.js */; };
		B363D0A52D7DD32600993F90 /* mdw.js in Resources */ = {isa = PBXBuildFile; fileRef = B363D0A32D7DD32600993F90 /* mdw.js */; };
		B3756DE92D41D43100BCF111 /* Assets.xcassets in Resources */ = {isa = PBXBuildFile; fileRef = B3756DE82D41D43100BCF111 /* Assets.xcassets */; };
		B375A6A92D946AC8001F9286 /* app2.css in Resources */ = {isa = PBXBuildFile; fileRef = B375A6A82D946AC8001F9286 /* app2.css */; };
		B375A6AB2D946ADB001F9286 /* app2.js in Resources */ = {isa = PBXBuildFile; fileRef = B375A6AA2D946ADB001F9286 /* app2.js */; };
		B375A6AD2D946B0E001F9286 /* app2.html in Resources */ = {isa = PBXBuildFile; fileRef = B375A6AC2D946B0E001F9286 /* app2.html */; };
		B37754AB2D41E38900B7B4C5 /* gyptix.cpp in Sources */ = {isa = PBXBuildFile; fileRef = B37754AA2D41E38900B7B4C5 /* gyptix.cpp */; };
		B39546C92DA5ABE300E35252 /* history.js in Resources */ = {isa = PBXBuildFile; fileRef = B39546C82DA5ABE300E35252 /* history.js */; };
		B39546CB2DA7007B00E35252 /* app1.html in Resources */ = {isa = PBXBuildFile; fileRef = B39546CA2DA7007B00E35252 /* app1.html */; };
		B39546CD2DA7012800E35252 /* app1.js in Resources */ = {isa = PBXBuildFile; fileRef = B39546CC2DA7012800E35252 /* app1.js */; };
		B3994E822DA882F5002906B5 /* scroll.js in Resources */ = {isa = PBXBuildFile; fileRef = B3994E812DA882F5002906B5 /* scroll.js */; };
		B3A3D8392D67E455000A5839 /* suggestions.js in Resources */ = {isa = PBXBuildFile; fileRef = B3A3D8382D67E455000A5839 /* suggestions.js */; };
		B3A482972D5035DC00FCE4A5 /* Gyptix.swift in Sources */ = {isa = PBXBuildFile; fileRef = B3A4828F2D5035DC00FCE4A5 /* Gyptix.swift */; };
		B3A482982D5035DC00FCE4A5 /* WebView.swift in Sources */ = {isa = PBXBuildFile; fileRef = B3A482922D5035DC00FCE4A5 /* WebView.swift */; };
		B3AA963C2DAF31DC00D676BD /* Metal.framework in Frameworks */ = {isa = PBXBuildFile; fileRef = B3AA963B2DAF31DC00D676BD /* Metal.framework */; };
		B3AA963E2DAF31ED00D676BD /* MetalKit.framework in Frameworks */ = {isa = PBXBuildFile; fileRef = B3AA963D2DAF31ED00D676BD /* MetalKit.framework */; };
		B3AA96402DAF31FF00D676BD /* Network.framework in Frameworks */ = {isa = PBXBuildFile; fileRef = B3AA963F2DAF31FF00D676BD /* Network.framework */; };
		B3AA96422DAF320700D676BD /* WebKit.framework in Frameworks */ = {isa = PBXBuildFile; fileRef = B3AA96412DAF320700D676BD /* WebKit.framework */; };
		B3B29CA92D4E8E57006F04CE /* logo-256x256.png in Resources */ = {isa = PBXBuildFile; fileRef = B3B29CA82D4E8E57006F04CE /* logo-256x256.png */; };
		B3B3F3FF2D4AB3C300A2D406 /* eula.md in Resources */ = {isa = PBXBuildFile; fileRef = B3B3F3F92D4AB3C300A2D406 /* eula.md */; };
		B3B3F4052D4AB3C300A2D406 /* licenses.md in Resources */ = {isa = PBXBuildFile; fileRef = B3B3F3FB2D4AB3C300A2D406 /* licenses.md */; };
		B3B3F4062D4AB3C300A2D406 /* prompts.js in Resources */ = {isa = PBXBuildFile; fileRef = B3B3F3FC2D4AB3C300A2D406 /* prompts.js */; };
		B3B3F4092D4AB3C300A2D406 /* about.md in Resources */ = {isa = PBXBuildFile; fileRef = B3B3F3F62D4AB3C300A2D406 /* about.md */; };
		B3B3F40A2D4AB3C300A2D406 /* app.js in Resources */ = {isa = PBXBuildFile; fileRef = B3B3F3F82D4AB3C300A2D406 /* app.js */; };
		B3B3F40C2D4AB3C300A2D406 /* app.css in Resources */ = {isa = PBXBuildFile; fileRef = B3B3F3F72D4AB3C300A2D406 /* app.css */; };
		B3BEE9D82D4EE035009A4168 /* llama.cpp in Sources */ = {isa = PBXBuildFile; fileRef = B3BEE9D72D4EE035009A4168 /* llama.cpp */; };
		B3D7EDF02D955A86003AF38F /* app3.html in Resources */ = {isa = PBXBuildFile; fileRef = B3D7EDEF2D955A86003AF38F /* app3.html */; };
		B3E04BD12D84816800C6C67B /* Dispatch.swift in Sources */ = {isa = PBXBuildFile; fileRef = B3E04BD02D84816800C6C67B /* Dispatch.swift */; };
		B3E2499B2D6162110048A24F /* model.js in Resources */ = {isa = PBXBuildFile; fileRef = B3E2499A2D6162110048A24F /* model.js */; };
		B3E2499D2D61621C0048A24F /* util.js in Resources */ = {isa = PBXBuildFile; fileRef = B3E2499C2D61621C0048A24F /* util.js */; };
		B3E2499F2D617B780048A24F /* app.html in Resources */ = {isa = PBXBuildFile; fileRef = B3E2499E2D617B780048A24F /* app.html */; };
		B3E249A12D617E300048A24F /* marked.js in Resources */ = {isa = PBXBuildFile; fileRef = B3E249A02D617E300048A24F /* marked.js */; };
		B3F590542D69E7C5008B5B7D /* getcwd.m in Sources */ = {isa = PBXBuildFile; fileRef = B3F590532D69E7C5008B5B7D /* getcwd.m */; };
		B3F590562D6A7294008B5B7D /* detect.js in Resources */ = {isa = PBXBuildFile; fileRef = B3F590552D6A7294008B5B7D /* detect.js */; };
		B3F5905A2D6A848C008B5B7D /* modal.js in Resources */ = {isa = PBXBuildFile; fileRef = B3F590592D6A848C008B5B7D /* modal.js */; };
/* End PBXBuildFile section */

/* Begin PBXFileReference section */
		B30D38B62D458C4E00B8196B /* llama-adapter.h */ = {isa = PBXFileReference; lastKnownFileType = sourcecode.c.h; path = "llama-adapter.h"; sourceTree = "<group>"; };
		B30D38B72D458C4E00B8196B /* llama-adapter.cpp */ = {isa = PBXFileReference; lastKnownFileType = sourcecode.cpp.cpp; path = "llama-adapter.cpp"; sourceTree = "<group>"; };
		B30D38B82D458C4E00B8196B /* llama-arch.h */ = {isa = PBXFileReference; lastKnownFileType = sourcecode.c.h; path = "llama-arch.h"; sourceTree = "<group>"; };
		B30D38B92D458C4E00B8196B /* llama-arch.cpp */ = {isa = PBXFileReference; lastKnownFileType = sourcecode.cpp.cpp; path = "llama-arch.cpp"; sourceTree = "<group>"; };
		B30D38BA2D458C4E00B8196B /* llama-batch.h */ = {isa = PBXFileReference; lastKnownFileType = sourcecode.c.h; path = "llama-batch.h"; sourceTree = "<group>"; };
		B30D38BB2D458C4E00B8196B /* llama-batch.cpp */ = {isa = PBXFileReference; lastKnownFileType = sourcecode.cpp.cpp; path = "llama-batch.cpp"; sourceTree = "<group>"; };
		B30D38BC2D458C4E00B8196B /* llama-chat.h */ = {isa = PBXFileReference; lastKnownFileType = sourcecode.c.h; path = "llama-chat.h"; sourceTree = "<group>"; };
		B30D38BD2D458C4E00B8196B /* llama-chat.cpp */ = {isa = PBXFileReference; lastKnownFileType = sourcecode.cpp.cpp; path = "llama-chat.cpp"; sourceTree = "<group>"; };
		B30D38BE2D458C4E00B8196B /* llama-context.h */ = {isa = PBXFileReference; lastKnownFileType = sourcecode.c.h; path = "llama-context.h"; sourceTree = "<group>"; };
		B30D38BF2D458C4E00B8196B /* llama-context.cpp */ = {isa = PBXFileReference; lastKnownFileType = sourcecode.cpp.cpp; path = "llama-context.cpp"; sourceTree = "<group>"; };
		B30D38C02D458C4E00B8196B /* llama-cparams.h */ = {isa = PBXFileReference; lastKnownFileType = sourcecode.c.h; path = "llama-cparams.h"; sourceTree = "<group>"; };
		B30D38C12D458C4E00B8196B /* llama-cparams.cpp */ = {isa = PBXFileReference; lastKnownFileType = sourcecode.cpp.cpp; path = "llama-cparams.cpp"; sourceTree = "<group>"; };
		B30D38C22D458C4E00B8196B /* llama-grammar.h */ = {isa = PBXFileReference; lastKnownFileType = sourcecode.c.h; path = "llama-grammar.h"; sourceTree = "<group>"; };
		B30D38C32D458C4E00B8196B /* llama-grammar.cpp */ = {isa = PBXFileReference; lastKnownFileType = sourcecode.cpp.cpp; path = "llama-grammar.cpp"; sourceTree = "<group>"; };
		B30D38C42D458C4E00B8196B /* llama-hparams.h */ = {isa = PBXFileReference; lastKnownFileType = sourcecode.c.h; path = "llama-hparams.h"; sourceTree = "<group>"; };
		B30D38C52D458C4E00B8196B /* llama-hparams.cpp */ = {isa = PBXFileReference; lastKnownFileType = sourcecode.cpp.cpp; path = "llama-hparams.cpp"; sourceTree = "<group>"; };
		B30D38C62D458C4E00B8196B /* llama-impl.h */ = {isa = PBXFileReference; lastKnownFileType = sourcecode.c.h; path = "llama-impl.h"; sourceTree = "<group>"; };
		B30D38C72D458C4E00B8196B /* llama-impl.cpp */ = {isa = PBXFileReference; lastKnownFileType = sourcecode.cpp.cpp; path = "llama-impl.cpp"; sourceTree = "<group>"; };
		B30D38C82D458C4E00B8196B /* llama-kv-cache.h */ = {isa = PBXFileReference; lastKnownFileType = sourcecode.c.h; path = "llama-kv-cache.h"; sourceTree = "<group>"; };
		B30D38C92D458C4E00B8196B /* llama-kv-cache.cpp */ = {isa = PBXFileReference; lastKnownFileType = sourcecode.cpp.cpp; path = "llama-kv-cache.cpp"; sourceTree = "<group>"; };
		B30D38CA2D458C4E00B8196B /* llama-mmap.h */ = {isa = PBXFileReference; lastKnownFileType = sourcecode.c.h; path = "llama-mmap.h"; sourceTree = "<group>"; };
		B30D38CB2D458C4E00B8196B /* llama-mmap.cpp */ = {isa = PBXFileReference; lastKnownFileType = sourcecode.cpp.cpp; path = "llama-mmap.cpp"; sourceTree = "<group>"; };
		B30D38CC2D458C4E00B8196B /* llama-model.h */ = {isa = PBXFileReference; lastKnownFileType = sourcecode.c.h; path = "llama-model.h"; sourceTree = "<group>"; };
		B30D38CD2D458C4E00B8196B /* llama-model.cpp */ = {isa = PBXFileReference; lastKnownFileType = sourcecode.cpp.cpp; path = "llama-model.cpp"; sourceTree = "<group>"; };
		B30D38CE2D458C4E00B8196B /* llama-model-loader.h */ = {isa = PBXFileReference; lastKnownFileType = sourcecode.c.h; path = "llama-model-loader.h"; sourceTree = "<group>"; };
		B30D38CF2D458C4E00B8196B /* llama-model-loader.cpp */ = {isa = PBXFileReference; lastKnownFileType = sourcecode.cpp.cpp; path = "llama-model-loader.cpp"; sourceTree = "<group>"; };
		B30D38D02D458C4E00B8196B /* llama-quant.h */ = {isa = PBXFileReference; lastKnownFileType = sourcecode.c.h; path = "llama-quant.h"; sourceTree = "<group>"; };
		B30D38D12D458C4E00B8196B /* llama-quant.cpp */ = {isa = PBXFileReference; lastKnownFileType = sourcecode.cpp.cpp; path = "llama-quant.cpp"; sourceTree = "<group>"; };
		B30D38D22D458C4E00B8196B /* llama-sampling.h */ = {isa = PBXFileReference; lastKnownFileType = sourcecode.c.h; path = "llama-sampling.h"; sourceTree = "<group>"; };
		B30D38D32D458C4E00B8196B /* llama-sampling.cpp */ = {isa = PBXFileReference; lastKnownFileType = sourcecode.cpp.cpp; path = "llama-sampling.cpp"; sourceTree = "<group>"; };
		B30D38D42D458C4E00B8196B /* llama-vocab.h */ = {isa = PBXFileReference; lastKnownFileType = sourcecode.c.h; path = "llama-vocab.h"; sourceTree = "<group>"; };
		B30D38D52D458C4E00B8196B /* llama-vocab.cpp */ = {isa = PBXFileReference; lastKnownFileType = sourcecode.cpp.cpp; path = "llama-vocab.cpp"; sourceTree = "<group>"; };
		B30D38D62D458C4E00B8196B /* unicode.h */ = {isa = PBXFileReference; lastKnownFileType = sourcecode.c.h; path = unicode.h; sourceTree = "<group>"; };
		B30D38D72D458C4E00B8196B /* unicode.cpp */ = {isa = PBXFileReference; lastKnownFileType = sourcecode.cpp.cpp; path = unicode.cpp; sourceTree = "<group>"; };
		B30D38D82D458C4E00B8196B /* unicode-data.h */ = {isa = PBXFileReference; lastKnownFileType = sourcecode.c.h; path = "unicode-data.h"; sourceTree = "<group>"; };
		B30D38D92D458C4E00B8196B /* unicode-data.cpp */ = {isa = PBXFileReference; lastKnownFileType = sourcecode.cpp.cpp; path = "unicode-data.cpp"; sourceTree = "<group>"; };
		B30D38F12D458CDF00B8196B /* arg.h */ = {isa = PBXFileReference; lastKnownFileType = sourcecode.c.h; path = arg.h; sourceTree = "<group>"; };
		B30D38F22D458CDF00B8196B /* arg.cpp */ = {isa = PBXFileReference; lastKnownFileType = sourcecode.cpp.cpp; path = arg.cpp; sourceTree = "<group>"; };
		B30D38F32D458CDF00B8196B /* base64.hpp */ = {isa = PBXFileReference; lastKnownFileType = sourcecode.cpp.h; path = base64.hpp; sourceTree = "<group>"; };
		B30D38F52D458CDF00B8196B /* chat-template.hpp */ = {isa = PBXFileReference; lastKnownFileType = sourcecode.cpp.h; path = "chat-template.hpp"; sourceTree = "<group>"; };
		B30D38F72D458CDF00B8196B /* common.h */ = {isa = PBXFileReference; lastKnownFileType = sourcecode.c.h; path = common.h; sourceTree = "<group>"; };
		B30D38F82D458CDF00B8196B /* common.cpp */ = {isa = PBXFileReference; lastKnownFileType = sourcecode.cpp.cpp; path = common.cpp; sourceTree = "<group>"; };
		B30D38F92D458CDF00B8196B /* console.h */ = {isa = PBXFileReference; lastKnownFileType = sourcecode.c.h; path = console.h; sourceTree = "<group>"; };
		B30D38FA2D458CDF00B8196B /* console.cpp */ = {isa = PBXFileReference; lastKnownFileType = sourcecode.cpp.cpp; path = console.cpp; sourceTree = "<group>"; };
		B30D38FB2D458CDF00B8196B /* json.hpp */ = {isa = PBXFileReference; lastKnownFileType = sourcecode.cpp.h; path = json.hpp; sourceTree = "<group>"; };
		B30D38FC2D458CDF00B8196B /* json-schema-to-grammar.h */ = {isa = PBXFileReference; lastKnownFileType = sourcecode.c.h; path = "json-schema-to-grammar.h"; sourceTree = "<group>"; };
		B30D38FD2D458CDF00B8196B /* json-schema-to-grammar.cpp */ = {isa = PBXFileReference; lastKnownFileType = sourcecode.cpp.cpp; path = "json-schema-to-grammar.cpp"; sourceTree = "<group>"; };
		B30D38FE2D458CDF00B8196B /* log.h */ = {isa = PBXFileReference; lastKnownFileType = sourcecode.c.h; path = log.h; sourceTree = "<group>"; };
		B30D38FF2D458CDF00B8196B /* log.cpp */ = {isa = PBXFileReference; lastKnownFileType = sourcecode.cpp.cpp; path = log.cpp; sourceTree = "<group>"; };
		B30D39002D458CDF00B8196B /* minja.hpp */ = {isa = PBXFileReference; lastKnownFileType = sourcecode.cpp.h; path = minja.hpp; sourceTree = "<group>"; };
		B30D39012D458CDF00B8196B /* ngram-cache.h */ = {isa = PBXFileReference; lastKnownFileType = sourcecode.c.h; path = "ngram-cache.h"; sourceTree = "<group>"; };
		B30D39022D458CDF00B8196B /* ngram-cache.cpp */ = {isa = PBXFileReference; lastKnownFileType = sourcecode.cpp.cpp; path = "ngram-cache.cpp"; sourceTree = "<group>"; };
		B30D39032D458CDF00B8196B /* sampling.h */ = {isa = PBXFileReference; lastKnownFileType = sourcecode.c.h; path = sampling.h; sourceTree = "<group>"; };
		B30D39042D458CDF00B8196B /* sampling.cpp */ = {isa = PBXFileReference; lastKnownFileType = sourcecode.cpp.cpp; path = sampling.cpp; sourceTree = "<group>"; };
		B30D39052D458CDF00B8196B /* speculative.h */ = {isa = PBXFileReference; lastKnownFileType = sourcecode.c.h; path = speculative.h; sourceTree = "<group>"; };
		B30D39062D458CDF00B8196B /* speculative.cpp */ = {isa = PBXFileReference; lastKnownFileType = sourcecode.cpp.cpp; path = speculative.cpp; sourceTree = "<group>"; };
		B30D39072D458CDF00B8196B /* stb_image.h */ = {isa = PBXFileReference; lastKnownFileType = sourcecode.c.h; path = stb_image.h; sourceTree = "<group>"; };
		B30D39142D458DA600B8196B /* llama-build.cpp */ = {isa = PBXFileReference; lastKnownFileType = sourcecode.cpp.cpp; name = "llama-build.cpp"; path = "../src/llama-build.cpp"; sourceTree = SOURCE_ROOT; };
		B30D39152D458DA600B8196B /* llama-if.h */ = {isa = PBXFileReference; lastKnownFileType = sourcecode.c.h; name = "llama-if.h"; path = "../src/llama-if.h"; sourceTree = SOURCE_ROOT; };
		B30D39162D458DA600B8196B /* llama-if.cpp */ = {isa = PBXFileReference; lastKnownFileType = sourcecode.cpp.cpp; name = "llama-if.cpp"; path = "../src/llama-if.cpp"; sourceTree = SOURCE_ROOT; };
		B30D391C2D458EFA00B8196B /* granite-3.1-1b-a400m-instruct-Q8_0.gguf */ = {isa = PBXFileReference; lastKnownFileType = file; path = "granite-3.1-1b-a400m-instruct-Q8_0.gguf"; sourceTree = "<group>"; };
		B313D3A02D4826E400155A33 /* ggml-metal.m */ = {isa = PBXFileReference; lastKnownFileType = sourcecode.c.objc; path = "ggml-metal.m"; sourceTree = "<group>"; };
		B313D3A12D4826E400155A33 /* ggml-metal.metal */ = {isa = PBXFileReference; lastKnownFileType = sourcecode.metal; path = "ggml-metal.metal"; sourceTree = "<group>"; };
		B313D3A22D4826E400155A33 /* ggml-metal-impl.h */ = {isa = PBXFileReference; lastKnownFileType = sourcecode.c.h; path = "ggml-metal-impl.h"; sourceTree = "<group>"; };
		B323E3632D1CDAB2007BA38C /* GyPTix.app */ = {isa = PBXFileReference; explicitFileType = wrapper.application; includeInIndex = 0; path = GyPTix.app; sourceTree = BUILT_PRODUCTS_DIR; };
		B33026C42DA1F40C0082BBB5 /* app3.js */ = {isa = PBXFileReference; lastKnownFileType = sourcecode.javascript; path = app3.js; sourceTree = "<group>"; };
		B33026C62DA1F46B0082BBB5 /* app3.css */ = {isa = PBXFileReference; lastKnownFileType = text.css; path = app3.css; sourceTree = "<group>"; };
		B33E9D012D4B21FA005FEE9B /* PrivacyInfo.xcprivacy */ = {isa = PBXFileReference; lastKnownFileType = text.xml; path = PrivacyInfo.xcprivacy; sourceTree = SOURCE_ROOT; };
		B33E9D0E2D4B262E005FEE9B /* GyPTix.entitlements */ = {isa = PBXFileReference; lastKnownFileType = text.plist.entitlements; path = GyPTix.entitlements; sourceTree = "<group>"; };
		B33E9D0F2D4B262E005FEE9B /* GyPTixDebug.entitlements */ = {isa = PBXFileReference; lastKnownFileType = text.plist.entitlements; path = GyPTixDebug.entitlements; sourceTree = "<group>"; };
		B34A02622D458A880010D066 /* ggml.h */ = {isa = PBXFileReference; lastKnownFileType = sourcecode.c.h; path = ggml.h; sourceTree = "<group>"; };
		B34A02632D458A880010D066 /* ggml-alloc.h */ = {isa = PBXFileReference; lastKnownFileType = sourcecode.c.h; path = "ggml-alloc.h"; sourceTree = "<group>"; };
		B34A02642D458A880010D066 /* ggml-backend.h */ = {isa = PBXFileReference; lastKnownFileType = sourcecode.c.h; path = "ggml-backend.h"; sourceTree = "<group>"; };
		B34A02672D458A880010D066 /* ggml-cpp.h */ = {isa = PBXFileReference; lastKnownFileType = sourcecode.c.h; path = "ggml-cpp.h"; sourceTree = "<group>"; };
		B34A02682D458A880010D066 /* ggml-cpu.h */ = {isa = PBXFileReference; lastKnownFileType = sourcecode.c.h; path = "ggml-cpu.h"; sourceTree = "<group>"; };
		B34A026B2D458A880010D066 /* ggml-metal.h */ = {isa = PBXFileReference; lastKnownFileType = sourcecode.c.h; path = "ggml-metal.h"; sourceTree = "<group>"; };
		B34A02712D458A880010D066 /* gguf.h */ = {isa = PBXFileReference; lastKnownFileType = sourcecode.c.h; path = gguf.h; sourceTree = "<group>"; };
		B34A02972D458A880010D066 /* cpu-feats-x86.cpp */ = {isa = PBXFileReference; lastKnownFileType = sourcecode.cpp.cpp; path = "cpu-feats-x86.cpp"; sourceTree = "<group>"; };
		B34A02982D458A880010D066 /* ggml-cpu.c */ = {isa = PBXFileReference; lastKnownFileType = sourcecode.c.c; path = "ggml-cpu.c"; sourceTree = "<group>"; };
		B34A02992D458A880010D066 /* ggml-cpu.cpp */ = {isa = PBXFileReference; lastKnownFileType = sourcecode.cpp.cpp; path = "ggml-cpu.cpp"; sourceTree = "<group>"; };
		B34A029A2D458A880010D066 /* ggml-cpu-aarch64.h */ = {isa = PBXFileReference; lastKnownFileType = sourcecode.c.h; path = "ggml-cpu-aarch64.h"; sourceTree = "<group>"; };
		B34A029B2D458A880010D066 /* ggml-cpu-aarch64.cpp */ = {isa = PBXFileReference; lastKnownFileType = sourcecode.cpp.cpp; path = "ggml-cpu-aarch64.cpp"; sourceTree = "<group>"; };
		B34A029E2D458A880010D066 /* ggml-cpu-impl.h */ = {isa = PBXFileReference; lastKnownFileType = sourcecode.c.h; path = "ggml-cpu-impl.h"; sourceTree = "<group>"; };
		B34A029F2D458A880010D066 /* ggml-cpu-quants.h */ = {isa = PBXFileReference; lastKnownFileType = sourcecode.c.h; path = "ggml-cpu-quants.h"; sourceTree = "<group>"; };
		B34A02A02D458A880010D066 /* ggml-cpu-quants.c */ = {isa = PBXFileReference; lastKnownFileType = sourcecode.c.c; path = "ggml-cpu-quants.c"; sourceTree = "<group>"; };
		B34A02A12D458A880010D066 /* ggml-cpu-traits.h */ = {isa = PBXFileReference; lastKnownFileType = sourcecode.c.h; path = "ggml-cpu-traits.h"; sourceTree = "<group>"; };
		B34A02A22D458A880010D066 /* ggml-cpu-traits.cpp */ = {isa = PBXFileReference; lastKnownFileType = sourcecode.cpp.cpp; path = "ggml-cpu-traits.cpp"; sourceTree = "<group>"; };
		B34A042C2D458A880010D066 /* ggml.c */ = {isa = PBXFileReference; lastKnownFileType = sourcecode.c.c; path = ggml.c; sourceTree = "<group>"; };
		B34A042D2D458A880010D066 /* ggml-alloc.c */ = {isa = PBXFileReference; lastKnownFileType = sourcecode.c.c; path = "ggml-alloc.c"; sourceTree = "<group>"; };
		B34A042E2D458A880010D066 /* ggml-backend.cpp */ = {isa = PBXFileReference; lastKnownFileType = sourcecode.cpp.cpp; path = "ggml-backend.cpp"; sourceTree = "<group>"; };
		B34A042F2D458A880010D066 /* ggml-backend-impl.h */ = {isa = PBXFileReference; lastKnownFileType = sourcecode.c.h; path = "ggml-backend-impl.h"; sourceTree = "<group>"; };
		B34A04302D458A880010D066 /* ggml-backend-reg.cpp */ = {isa = PBXFileReference; lastKnownFileType = sourcecode.cpp.cpp; path = "ggml-backend-reg.cpp"; sourceTree = "<group>"; };
		B34A04312D458A880010D066 /* ggml-common.h */ = {isa = PBXFileReference; lastKnownFileType = sourcecode.c.h; path = "ggml-common.h"; sourceTree = "<group>"; };
		B34A04322D458A880010D066 /* ggml-impl.h */ = {isa = PBXFileReference; lastKnownFileType = sourcecode.c.h; path = "ggml-impl.h"; sourceTree = "<group>"; };
		B34A04332D458A880010D066 /* ggml-opt.cpp */ = {isa = PBXFileReference; lastKnownFileType = sourcecode.cpp.cpp; path = "ggml-opt.cpp"; sourceTree = "<group>"; };
		B34A04342D458A880010D066 /* ggml-quants.h */ = {isa = PBXFileReference; lastKnownFileType = sourcecode.c.h; path = "ggml-quants.h"; sourceTree = "<group>"; };
		B34A04352D458A880010D066 /* ggml-quants.c */ = {isa = PBXFileReference; lastKnownFileType = sourcecode.c.c; path = "ggml-quants.c"; sourceTree = "<group>"; };
		B34A04362D458A880010D066 /* ggml-threading.h */ = {isa = PBXFileReference; lastKnownFileType = sourcecode.c.h; path = "ggml-threading.h"; sourceTree = "<group>"; };
		B34A04372D458A880010D066 /* ggml-threading.cpp */ = {isa = PBXFileReference; lastKnownFileType = sourcecode.cpp.cpp; path = "ggml-threading.cpp"; sourceTree = "<group>"; };
		B34A04382D458A880010D066 /* gguf.cpp */ = {isa = PBXFileReference; lastKnownFileType = sourcecode.cpp.cpp; path = gguf.cpp; sourceTree = "<group>"; };
		B35FDE032DAB91A80068738F /* Downloads.swift */ = {isa = PBXFileReference; explicitFileType = sourcecode.swift; name = Downloads.swift; path = ../src/swift/Downloads.swift; sourceTree = SOURCE_ROOT; };
		B361EBDF2D8FD06500B45B70 /* app1.css */ = {isa = PBXFileReference; lastKnownFileType = text.css; path = app1.css; sourceTree = "<group>"; };
		B361EBE12D92101100B45B70 /* ui.js */ = {isa = PBXFileReference; lastKnownFileType = sourcecode.javascript; path = ui.js; sourceTree = "<group>"; };
		B363D0A22D7DD32600993F90 /* markdown.js */ = {isa = PBXFileReference; lastKnownFileType = sourcecode.javascript; path = markdown.js; sourceTree = "<group>"; };
		B363D0A32D7DD32600993F90 /* mdw.js */ = {isa = PBXFileReference; lastKnownFileType = sourcecode.javascript; path = mdw.js; sourceTree = "<group>"; };
		B3756DE82D41D43100BCF111 /* Assets.xcassets */ = {isa = PBXFileReference; lastKnownFileType = folder.assetcatalog; path = Assets.xcassets; sourceTree = "<group>"; };
		B375A6A82D946AC8001F9286 /* app2.css */ = {isa = PBXFileReference; lastKnownFileType = text.css; path = app2.css; sourceTree = "<group>"; };
		B375A6AA2D946ADB001F9286 /* app2.js */ = {isa = PBXFileReference; lastKnownFileType = sourcecode.javascript; path = app2.js; sourceTree = "<group>"; };
		B375A6AC2D946B0E001F9286 /* app2.html */ = {isa = PBXFileReference; lastKnownFileType = text.html; path = app2.html; sourceTree = "<group>"; };
		B377547C2D41E0BE00B7B4C5 /* gyptix-Bridging-Header.h */ = {isa = PBXFileReference; lastKnownFileType = sourcecode.c.h; path = "gyptix-Bridging-Header.h"; sourceTree = "<group>"; };
		B37754A92D41E38900B7B4C5 /* gyptix.h */ = {isa = PBXFileReference; lastKnownFileType = sourcecode.c.h; name = gyptix.h; path = ../src/gyptix.h; sourceTree = SOURCE_ROOT; };
		B37754AA2D41E38900B7B4C5 /* gyptix.cpp */ = {isa = PBXFileReference; lastKnownFileType = sourcecode.cpp.cpp; name = gyptix.cpp; path = ../src/gyptix.cpp; sourceTree = SOURCE_ROOT; };
		B37AB35B2D8C2FC300199E85 /* llama.h */ = {isa = PBXFileReference; lastKnownFileType = sourcecode.c.h; name = llama.h; path = ../llama.cpp/include/llama.h; sourceTree = SOURCE_ROOT; };
		B37AB35C2D8C2FC300199E85 /* llama-cpp.h */ = {isa = PBXFileReference; lastKnownFileType = sourcecode.c.h; name = "llama-cpp.h"; path = "../llama.cpp/include/llama-cpp.h"; sourceTree = SOURCE_ROOT; };
		B39546C82DA5ABE300E35252 /* history.js */ = {isa = PBXFileReference; lastKnownFileType = sourcecode.javascript; path = history.js; sourceTree = "<group>"; };
		B39546CA2DA7007B00E35252 /* app1.html */ = {isa = PBXFileReference; lastKnownFileType = text.html; path = app1.html; sourceTree = "<group>"; };
		B39546CC2DA7012800E35252 /* app1.js */ = {isa = PBXFileReference; lastKnownFileType = sourcecode.javascript; path = app1.js; sourceTree = "<group>"; };
		B3994E812DA882F5002906B5 /* scroll.js */ = {isa = PBXFileReference; lastKnownFileType = sourcecode.javascript; path = scroll.js; sourceTree = "<group>"; };
		B3A3D8382D67E455000A5839 /* suggestions.js */ = {isa = PBXFileReference; lastKnownFileType = sourcecode.javascript; path = suggestions.js; sourceTree = "<group>"; };
		B3A4828F2D5035DC00FCE4A5 /* Gyptix.swift */ = {isa = PBXFileReference; lastKnownFileType = sourcecode.swift; name = Gyptix.swift; path = ../src/swift/Gyptix.swift; sourceTree = SOURCE_ROOT; };
		B3A482922D5035DC00FCE4A5 /* WebView.swift */ = {isa = PBXFileReference; lastKnownFileType = sourcecode.swift; name = WebView.swift; path = ../src/swift/WebView.swift; sourceTree = SOURCE_ROOT; };
		B3AA963B2DAF31DC00D676BD /* Metal.framework */ = {isa = PBXFileReference; lastKnownFileType = wrapper.framework; name = Metal.framework; path = Platforms/iPhoneOS.platform/Developer/SDKs/iPhoneOS18.4.sdk/System/Library/Frameworks/Metal.framework; sourceTree = DEVELOPER_DIR; };
		B3AA963D2DAF31ED00D676BD /* MetalKit.framework */ = {isa = PBXFileReference; lastKnownFileType = wrapper.framework; name = MetalKit.framework; path = Platforms/iPhoneOS.platform/Developer/SDKs/iPhoneOS18.4.sdk/System/Library/Frameworks/MetalKit.framework; sourceTree = DEVELOPER_DIR; };
		B3AA963F2DAF31FF00D676BD /* Network.framework */ = {isa = PBXFileReference; lastKnownFileType = wrapper.framework; name = Network.framework; path = Platforms/iPhoneOS.platform/Developer/SDKs/iPhoneOS18.4.sdk/System/Library/Frameworks/Network.framework; sourceTree = DEVELOPER_DIR; };
		B3AA96412DAF320700D676BD /* WebKit.framework */ = {isa = PBXFileReference; lastKnownFileType = wrapper.framework; name = WebKit.framework; path = Platforms/iPhoneOS.platform/Developer/SDKs/iPhoneOS18.4.sdk/System/Library/Frameworks/WebKit.framework; sourceTree = DEVELOPER_DIR; };
		B3B29CA82D4E8E57006F04CE /* logo-256x256.png */ = {isa = PBXFileReference; lastKnownFileType = image.png; path = "logo-256x256.png"; sourceTree = "<group>"; };
		B3B3F3F62D4AB3C300A2D406 /* about.md */ = {isa = PBXFileReference; lastKnownFileType = net.daringfireball.markdown; path = about.md; sourceTree = "<group>"; };
		B3B3F3F72D4AB3C300A2D406 /* app.css */ = {isa = PBXFileReference; lastKnownFileType = text.css; path = app.css; sourceTree = "<group>"; };
		B3B3F3F82D4AB3C300A2D406 /* app.js */ = {isa = PBXFileReference; lastKnownFileType = sourcecode.javascript; path = app.js; sourceTree = "<group>"; };
		B3B3F3F92D4AB3C300A2D406 /* eula.md */ = {isa = PBXFileReference; lastKnownFileType = net.daringfireball.markdown; path = eula.md; sourceTree = "<group>"; };
		B3B3F3FB2D4AB3C300A2D406 /* licenses.md */ = {isa = PBXFileReference; lastKnownFileType = net.daringfireball.markdown; path = licenses.md; sourceTree = "<group>"; };
		B3B3F3FC2D4AB3C300A2D406 /* prompts.js */ = {isa = PBXFileReference; lastKnownFileType = sourcecode.javascript; path = prompts.js; sourceTree = "<group>"; };
		B3BEE9D72D4EE035009A4168 /* llama.cpp */ = {isa = PBXFileReference; lastKnownFileType = sourcecode.cpp.cpp; name = llama.cpp; path = ../src/patched/llama.cpp; sourceTree = SOURCE_ROOT; };
		B3D7EDEF2D955A86003AF38F /* app3.html */ = {isa = PBXFileReference; lastKnownFileType = text.html; path = app3.html; sourceTree = "<group>"; };
		B3E04BD02D84816800C6C67B /* Dispatch.swift */ = {isa = PBXFileReference; lastKnownFileType = sourcecode.swift; name = Dispatch.swift; path = ../src/swift/Dispatch.swift; sourceTree = SOURCE_ROOT; };
		B3E2499A2D6162110048A24F /* model.js */ = {isa = PBXFileReference; lastKnownFileType = sourcecode.javascript; path = model.js; sourceTree = "<group>"; };
		B3E2499C2D61621C0048A24F /* util.js */ = {isa = PBXFileReference; lastKnownFileType = sourcecode.javascript; path = util.js; sourceTree = "<group>"; };
		B3E2499E2D617B780048A24F /* app.html */ = {isa = PBXFileReference; lastKnownFileType = text.html; path = app.html; sourceTree = "<group>"; };
		B3E249A02D617E300048A24F /* marked.js */ = {isa = PBXFileReference; lastKnownFileType = sourcecode.javascript; path = marked.js; sourceTree = "<group>"; };
		B3F590522D69E7C5008B5B7D /* getcwd.h */ = {isa = PBXFileReference; lastKnownFileType = sourcecode.c.h; name = getcwd.h; path = ../src/getcwd.h; sourceTree = SOURCE_ROOT; };
		B3F590532D69E7C5008B5B7D /* getcwd.m */ = {isa = PBXFileReference; lastKnownFileType = sourcecode.c.objc; name = getcwd.m; path = ../src/getcwd.m; sourceTree = SOURCE_ROOT; };
		B3F590552D6A7294008B5B7D /* detect.js */ = {isa = PBXFileReference; lastKnownFileType = sourcecode.javascript; path = detect.js; sourceTree = "<group>"; };
		B3F590592D6A848C008B5B7D /* modal.js */ = {isa = PBXFileReference; lastKnownFileType = sourcecode.javascript; path = modal.js; sourceTree = "<group>"; };
/* End PBXFileReference section */

/* Begin PBXFrameworksBuildPhase section */
		B323E3602D1CDAB2007BA38C /* Frameworks */ = {
			isa = PBXFrameworksBuildPhase;
			buildActionMask = 2147483647;
			files = (
				B3AA963C2DAF31DC00D676BD /* Metal.framework in Frameworks */,
				B3AA963E2DAF31ED00D676BD /* MetalKit.framework in Frameworks */,
				B3AA96422DAF320700D676BD /* WebKit.framework in Frameworks */,
				B3AA96402DAF31FF00D676BD /* Network.framework in Frameworks */,
			);
			runOnlyForDeploymentPostprocessing = 0;
		};
/* End PBXFrameworksBuildPhase section */

/* Begin PBXGroup section */
		B30D38DA2D458C4E00B8196B /* src */ = {
			isa = PBXGroup;
			children = (
				B37AB35B2D8C2FC300199E85 /* llama.h */,
				B37AB35C2D8C2FC300199E85 /* llama-cpp.h */,
				B3BEE9D72D4EE035009A4168 /* llama.cpp */,
				B30D38B62D458C4E00B8196B /* llama-adapter.h */,
				B30D38B72D458C4E00B8196B /* llama-adapter.cpp */,
				B30D38B82D458C4E00B8196B /* llama-arch.h */,
				B30D38B92D458C4E00B8196B /* llama-arch.cpp */,
				B30D38BA2D458C4E00B8196B /* llama-batch.h */,
				B30D38BB2D458C4E00B8196B /* llama-batch.cpp */,
				B30D38BC2D458C4E00B8196B /* llama-chat.h */,
				B30D38BD2D458C4E00B8196B /* llama-chat.cpp */,
				B30D38BE2D458C4E00B8196B /* llama-context.h */,
				B30D38BF2D458C4E00B8196B /* llama-context.cpp */,
				B30D38C02D458C4E00B8196B /* llama-cparams.h */,
				B30D38C12D458C4E00B8196B /* llama-cparams.cpp */,
				B30D38C22D458C4E00B8196B /* llama-grammar.h */,
				B30D38C32D458C4E00B8196B /* llama-grammar.cpp */,
				B30D38C42D458C4E00B8196B /* llama-hparams.h */,
				B30D38C52D458C4E00B8196B /* llama-hparams.cpp */,
				B30D38C62D458C4E00B8196B /* llama-impl.h */,
				B30D38C72D458C4E00B8196B /* llama-impl.cpp */,
				B30D38C82D458C4E00B8196B /* llama-kv-cache.h */,
				B30D38C92D458C4E00B8196B /* llama-kv-cache.cpp */,
				B30D38CA2D458C4E00B8196B /* llama-mmap.h */,
				B30D38CB2D458C4E00B8196B /* llama-mmap.cpp */,
				B30D38CC2D458C4E00B8196B /* llama-model.h */,
				B30D38CD2D458C4E00B8196B /* llama-model.cpp */,
				B30D38CE2D458C4E00B8196B /* llama-model-loader.h */,
				B30D38CF2D458C4E00B8196B /* llama-model-loader.cpp */,
				B30D38D02D458C4E00B8196B /* llama-quant.h */,
				B30D38D12D458C4E00B8196B /* llama-quant.cpp */,
				B30D38D22D458C4E00B8196B /* llama-sampling.h */,
				B30D38D32D458C4E00B8196B /* llama-sampling.cpp */,
				B30D38D42D458C4E00B8196B /* llama-vocab.h */,
				B30D38D52D458C4E00B8196B /* llama-vocab.cpp */,
				B30D38D62D458C4E00B8196B /* unicode.h */,
				B30D38D72D458C4E00B8196B /* unicode.cpp */,
				B30D38D82D458C4E00B8196B /* unicode-data.h */,
				B30D38D92D458C4E00B8196B /* unicode-data.cpp */,
			);
			name = src;
			path = ../llama.cpp/src;
			sourceTree = SOURCE_ROOT;
		};
		B30D39082D458CDF00B8196B /* common */ = {
			isa = PBXGroup;
			children = (
				B30D38F12D458CDF00B8196B /* arg.h */,
				B30D38F22D458CDF00B8196B /* arg.cpp */,
				B30D38F32D458CDF00B8196B /* base64.hpp */,
				B30D38F52D458CDF00B8196B /* chat-template.hpp */,
				B30D38F72D458CDF00B8196B /* common.h */,
				B30D38F82D458CDF00B8196B /* common.cpp */,
				B30D38F92D458CDF00B8196B /* console.h */,
				B30D38FA2D458CDF00B8196B /* console.cpp */,
				B30D38FB2D458CDF00B8196B /* json.hpp */,
				B30D38FC2D458CDF00B8196B /* json-schema-to-grammar.h */,
				B30D38FD2D458CDF00B8196B /* json-schema-to-grammar.cpp */,
				B30D38FE2D458CDF00B8196B /* log.h */,
				B30D38FF2D458CDF00B8196B /* log.cpp */,
				B30D39002D458CDF00B8196B /* minja.hpp */,
				B30D39012D458CDF00B8196B /* ngram-cache.h */,
				B30D39022D458CDF00B8196B /* ngram-cache.cpp */,
				B30D39032D458CDF00B8196B /* sampling.h */,
				B30D39042D458CDF00B8196B /* sampling.cpp */,
				B30D39052D458CDF00B8196B /* speculative.h */,
				B30D39062D458CDF00B8196B /* speculative.cpp */,
				B30D39072D458CDF00B8196B /* stb_image.h */,
			);
			name = common;
			path = ../llama.cpp/common;
			sourceTree = SOURCE_ROOT;
		};
		B30D39232D458EFA00B8196B /* granite-3.1-1b-a400m-instruct */ = {
			isa = PBXGroup;
			children = (
				B30D391C2D458EFA00B8196B /* granite-3.1-1b-a400m-instruct-Q8_0.gguf */,
			);
			name = "granite-3.1-1b-a400m-instruct";
			path = "../models/granite-3.1-1b-a400m-instruct";
			sourceTree = SOURCE_ROOT;
		};
		B313D3A32D4826E400155A33 /* ggml-metal */ = {
			isa = PBXGroup;
			children = (
				B313D3A02D4826E400155A33 /* ggml-metal.m */,
				B313D3A12D4826E400155A33 /* ggml-metal.metal */,
				B313D3A22D4826E400155A33 /* ggml-metal-impl.h */,
			);
			path = "ggml-metal";
			sourceTree = "<group>";
		};
		B323E35A2D1CDAB2007BA38C = {
			isa = PBXGroup;
			children = (
				B3756DE82D41D43100BCF111 /* Assets.xcassets */,
				B33E9D012D4B21FA005FEE9B /* PrivacyInfo.xcprivacy */,
				B34A02612D458A480010D066 /* llama.cpp */,
				B3B3F3FE2D4AB3C300A2D406 /* javascript */,
				B37F0C212DAB31CB00CE7669 /* swift */,
				B37754A92D41E38900B7B4C5 /* gyptix.h */,
				B377547C2D41E0BE00B7B4C5 /* gyptix-Bridging-Header.h */,
				B37754AA2D41E38900B7B4C5 /* gyptix.cpp */,
				B30D39142D458DA600B8196B /* llama-build.cpp */,
				B30D39152D458DA600B8196B /* llama-if.h */,
				B30D39162D458DA600B8196B /* llama-if.cpp */,
				B3F590522D69E7C5008B5B7D /* getcwd.h */,
				B3F590532D69E7C5008B5B7D /* getcwd.m */,
				B33E9D0E2D4B262E005FEE9B /* GyPTix.entitlements */,
				B33E9D0F2D4B262E005FEE9B /* GyPTixDebug.entitlements */,
				B323E3642D1CDAB2007BA38C /* Products */,
				B30D39232D458EFA00B8196B /* granite-3.1-1b-a400m-instruct */,
				B3AA963A2DAF31DC00D676BD /* Frameworks */,
			);
			sourceTree = "<group>";
		};
		B323E3642D1CDAB2007BA38C /* Products */ = {
			isa = PBXGroup;
			children = (
				B323E3632D1CDAB2007BA38C /* GyPTix.app */,
			);
			name = Products;
			sourceTree = "<group>";
		};
		B34A02612D458A480010D066 /* llama.cpp */ = {
			isa = PBXGroup;
			children = (
				B34A043C2D458A880010D066 /* ggml */,
				B30D38DA2D458C4E00B8196B /* src */,
				B30D39082D458CDF00B8196B /* common */,
			);
			name = llama.cpp;
			path = ../llama.cpp;
			sourceTree = SOURCE_ROOT;
		};
		B34A02722D458A880010D066 /* include */ = {
			isa = PBXGroup;
			children = (
				B34A02622D458A880010D066 /* ggml.h */,
				B34A02632D458A880010D066 /* ggml-alloc.h */,
				B34A02642D458A880010D066 /* ggml-backend.h */,
				B34A02672D458A880010D066 /* ggml-cpp.h */,
				B34A02682D458A880010D066 /* ggml-cpu.h */,
				B34A026B2D458A880010D066 /* ggml-metal.h */,
				B34A02712D458A880010D066 /* gguf.h */,
			);
			path = include;
			sourceTree = "<group>";
		};
		B34A02A32D458A880010D066 /* ggml-cpu */ = {
			isa = PBXGroup;
			children = (
				B34A02972D458A880010D066 /* cpu-feats-x86.cpp */,
				B34A02982D458A880010D066 /* ggml-cpu.c */,
				B34A02992D458A880010D066 /* ggml-cpu.cpp */,
				B34A029A2D458A880010D066 /* ggml-cpu-aarch64.h */,
				B34A029B2D458A880010D066 /* ggml-cpu-aarch64.cpp */,
				B34A029E2D458A880010D066 /* ggml-cpu-impl.h */,
				B34A029F2D458A880010D066 /* ggml-cpu-quants.h */,
				B34A02A02D458A880010D066 /* ggml-cpu-quants.c */,
				B34A02A12D458A880010D066 /* ggml-cpu-traits.h */,
				B34A02A22D458A880010D066 /* ggml-cpu-traits.cpp */,
			);
			path = "ggml-cpu";
			sourceTree = "<group>";
		};
		B34A04392D458A880010D066 /* src */ = {
			isa = PBXGroup;
			children = (
				B34A02A32D458A880010D066 /* ggml-cpu */,
				B34A042C2D458A880010D066 /* ggml.c */,
				B34A042D2D458A880010D066 /* ggml-alloc.c */,
				B34A042E2D458A880010D066 /* ggml-backend.cpp */,
				B34A042F2D458A880010D066 /* ggml-backend-impl.h */,
				B34A04302D458A880010D066 /* ggml-backend-reg.cpp */,
				B34A04312D458A880010D066 /* ggml-common.h */,
				B34A04322D458A880010D066 /* ggml-impl.h */,
				B34A04332D458A880010D066 /* ggml-opt.cpp */,
				B34A04342D458A880010D066 /* ggml-quants.h */,
				B34A04352D458A880010D066 /* ggml-quants.c */,
				B34A04362D458A880010D066 /* ggml-threading.h */,
				B34A04372D458A880010D066 /* ggml-threading.cpp */,
				B34A04382D458A880010D066 /* gguf.cpp */,
				B313D3A32D4826E400155A33 /* ggml-metal */,
			);
			path = src;
			sourceTree = "<group>";
		};
		B34A043C2D458A880010D066 /* ggml */ = {
			isa = PBXGroup;
			children = (
				B34A02722D458A880010D066 /* include */,
				B34A04392D458A880010D066 /* src */,
			);
			name = ggml;
			path = ../llama.cpp/ggml;
			sourceTree = SOURCE_ROOT;
		};
		B37F0C212DAB31CB00CE7669 /* swift */ = {
			isa = PBXGroup;
			children = (
				B35FDE032DAB91A80068738F /* Downloads.swift */,
				B3E04BD02D84816800C6C67B /* Dispatch.swift */,
				B3A4828F2D5035DC00FCE4A5 /* Gyptix.swift */,
				B3A482922D5035DC00FCE4A5 /* WebView.swift */,
			);
			name = swift;
			path = ../src/swift;
			sourceTree = SOURCE_ROOT;
		};
		B3AA963A2DAF31DC00D676BD /* Frameworks */ = {
			isa = PBXGroup;
			children = (
				B3AA96412DAF320700D676BD /* WebKit.framework */,
				B3AA963F2DAF31FF00D676BD /* Network.framework */,
				B3AA963D2DAF31ED00D676BD /* MetalKit.framework */,
				B3AA963B2DAF31DC00D676BD /* Metal.framework */,
			);
			name = Frameworks;
			sourceTree = "<group>";
		};
		B3B3F3FE2D4AB3C300A2D406 /* javascript */ = {
			isa = PBXGroup;
			children = (
				B3B3F3F62D4AB3C300A2D406 /* about.md */,
				B3E2499E2D617B780048A24F /* app.html */,
				B39546CA2DA7007B00E35252 /* app1.html */,
				B375A6AC2D946B0E001F9286 /* app2.html */,
				B3D7EDEF2D955A86003AF38F /* app3.html */,
				B3B3F3F72D4AB3C300A2D406 /* app.css */,
				B361EBDF2D8FD06500B45B70 /* app1.css */,
				B375A6A82D946AC8001F9286 /* app2.css */,
				B33026C62DA1F46B0082BBB5 /* app3.css */,
				B3B3F3F82D4AB3C300A2D406 /* app.js */,
				B39546CC2DA7012800E35252 /* app1.js */,
				B375A6AA2D946ADB001F9286 /* app2.js */,
				B33026C42DA1F40C0082BBB5 /* app3.js */,
				B3F590552D6A7294008B5B7D /* detect.js */,
				B39546C82DA5ABE300E35252 /* history.js */,
				B3E249A02D617E300048A24F /* marked.js */,
				B363D0A22D7DD32600993F90 /* markdown.js */,
				B363D0A32D7DD32600993F90 /* mdw.js */,
				B3F590592D6A848C008B5B7D /* modal.js */,
				B3E2499A2D6162110048A24F /* model.js */,
				B3B3F3FC2D4AB3C300A2D406 /* prompts.js */,
				B3994E812DA882F5002906B5 /* scroll.js */,
				B3A3D8382D67E455000A5839 /* suggestions.js */,
				B361EBE12D92101100B45B70 /* ui.js */,
				B3E2499C2D61621C0048A24F /* util.js */,
				B3B3F3F92D4AB3C300A2D406 /* eula.md */,
				B3B3F3FB2D4AB3C300A2D406 /* licenses.md */,
				B3B29CA82D4E8E57006F04CE /* logo-256x256.png */,
			);
			name = javascript;
			path = ../src/javascript;
			sourceTree = SOURCE_ROOT;
		};
/* End PBXGroup section */

/* Begin PBXNativeTarget section */
		B323E3622D1CDAB2007BA38C /* GyPTix */ = {
			isa = PBXNativeTarget;
			buildConfigurationList = B323E3742D1CDAB3007BA38C /* Build configuration list for PBXNativeTarget "GyPTix" */;
			buildPhases = (
				B3F62D062D489BCD0030F051 /* download model */,
				B323E35F2D1CDAB2007BA38C /* Sources */,
				B323E3602D1CDAB2007BA38C /* Frameworks */,
				B323E3612D1CDAB2007BA38C /* Resources */,
			);
			buildRules = (
			);
			dependencies = (
			);
			name = GyPTix;
			packageProductDependencies = (
			);
			productName = hyperapp;
			productReference = B323E3632D1CDAB2007BA38C /* GyPTix.app */;
			productType = "com.apple.product-type.application";
		};
/* End PBXNativeTarget section */

/* Begin PBXProject section */
		B323E35B2D1CDAB2007BA38C /* Project object */ = {
			isa = PBXProject;
			attributes = {
				BuildIndependentTargetsInParallel = 1;
				LastSwiftUpdateCheck = 1620;
				LastUpgradeCheck = 1630;
				TargetAttributes = {
					B323E3622D1CDAB2007BA38C = {
						CreatedOnToolsVersion = 16.2;
						LastSwiftMigration = 1620;
					};
				};
			};
			buildConfigurationList = B323E35E2D1CDAB2007BA38C /* Build configuration list for PBXProject "gyptix" */;
			developmentRegion = en;
			hasScannedForEncodings = 0;
			knownRegions = (
				en,
				Base,
			);
			mainGroup = B323E35A2D1CDAB2007BA38C;
			minimizedProjectReferenceProxies = 1;
			preferredProjectObjectVersion = 77;
			productRefGroup = B323E3642D1CDAB2007BA38C /* Products */;
			projectDirPath = "";
			projectRoot = "";
			targets = (
				B323E3622D1CDAB2007BA38C /* GyPTix */,
			);
		};
/* End PBXProject section */

/* Begin PBXResourcesBuildPhase section */
		B323E3612D1CDAB2007BA38C /* Resources */ = {
			isa = PBXResourcesBuildPhase;
			buildActionMask = 2147483647;
			files = (
				B361EBE02D8FD06500B45B70 /* app1.css in Resources */,
				B3E249A12D617E300048A24F /* marked.js in Resources */,
				B3E2499D2D61621C0048A24F /* util.js in Resources */,
				B363D0A42D7DD32600993F90 /* markdown.js in Resources */,
				B363D0A52D7DD32600993F90 /* mdw.js in Resources */,
				B375A6AB2D946ADB001F9286 /* app2.js in Resources */,
				B3756DE92D41D43100BCF111 /* Assets.xcassets in Resources */,
				B33026C52DA1F40C0082BBB5 /* app3.js in Resources */,
				B3E2499B2D6162110048A24F /* model.js in Resources */,
				B33026C72DA1F46B0082BBB5 /* app3.css in Resources */,
				B3F5905A2D6A848C008B5B7D /* modal.js in Resources */,
				B3B29CA92D4E8E57006F04CE /* logo-256x256.png in Resources */,
				B39546CB2DA7007B00E35252 /* app1.html in Resources */,
				B30D39292D458EFA00B8196B /* granite-3.1-1b-a400m-instruct-Q8_0.gguf in Resources */,
				B375A6AD2D946B0E001F9286 /* app2.html in Resources */,
				B3A3D8392D67E455000A5839 /* suggestions.js in Resources */,
				B3B3F3FF2D4AB3C300A2D406 /* eula.md in Resources */,
				B3B3F4052D4AB3C300A2D406 /* licenses.md in Resources */,
				B3B3F4062D4AB3C300A2D406 /* prompts.js in Resources */,
				B3B3F4092D4AB3C300A2D406 /* about.md in Resources */,
				B3994E822DA882F5002906B5 /* scroll.js in Resources */,
				B3B3F40A2D4AB3C300A2D406 /* app.js in Resources */,
				B33E9D022D4B21FA005FEE9B /* PrivacyInfo.xcprivacy in Resources */,
				B3D7EDF02D955A86003AF38F /* app3.html in Resources */,
				B361EBE22D92101100B45B70 /* ui.js in Resources */,
				B3B3F40C2D4AB3C300A2D406 /* app.css in Resources */,
				B3E2499F2D617B780048A24F /* app.html in Resources */,
				B39546CD2DA7012800E35252 /* app1.js in Resources */,
				B39546C92DA5ABE300E35252 /* history.js in Resources */,
				B3F590562D6A7294008B5B7D /* detect.js in Resources */,
				B375A6A92D946AC8001F9286 /* app2.css in Resources */,
			);
			runOnlyForDeploymentPostprocessing = 0;
		};
/* End PBXResourcesBuildPhase section */

/* Begin PBXShellScriptBuildPhase section */
		B3F62D062D489BCD0030F051 /* download model */ = {
			isa = PBXShellScriptBuildPhase;
			alwaysOutOfDate = 1;
			buildActionMask = 2147483647;
			files = (
			);
			inputFileListPaths = (
				"",
				"",
			);
			inputPaths = (
			);
			name = "download model";
			outputFileListPaths = (
			);
			outputPaths = (
				"../models/granite-3.1-1b-a400m-instruct/granite-3.1-1b-a400m-instruct-Q8_0.gguf",
			);
			runOnlyForDeploymentPostprocessing = 0;
			shellPath = /bin/sh;
			shellScript = "pushd ..\nscripts/download.sh\npopd\n";
		};
/* End PBXShellScriptBuildPhase section */

/* Begin PBXSourcesBuildPhase section */
		B323E35F2D1CDAB2007BA38C /* Sources */ = {
			isa = PBXSourcesBuildPhase;
			buildActionMask = 2147483647;
			files = (
				B37754AB2D41E38900B7B4C5 /* gyptix.cpp in Sources */,
				B30D38DB2D458C4E00B8196B /* llama-adapter.cpp in Sources */,
				B30D38DC2D458C4E00B8196B /* llama-grammar.cpp in Sources */,
				B30D38DD2D458C4E00B8196B /* unicode.cpp in Sources */,
				B3F590542D69E7C5008B5B7D /* getcwd.m in Sources */,
				B30D38DE2D458C4E00B8196B /* llama-arch.cpp in Sources */,
				B30D38DF2D458C4E00B8196B /* llama-quant.cpp in Sources */,
				B30D38E02D458C4E00B8196B /* llama-context.cpp in Sources */,
				B30D38E12D458C4E00B8196B /* llama-vocab.cpp in Sources */,
				B30D38E22D458C4E00B8196B /* llama-sampling.cpp in Sources */,
				B30D38E32D458C4E00B8196B /* llama-hparams.cpp in Sources */,
				B30D38E52D458C4E00B8196B /* llama-batch.cpp in Sources */,
				B30D38E62D458C4E00B8196B /* llama-model.cpp in Sources */,
				B30D38E72D458C4E00B8196B /* llama-cparams.cpp in Sources */,
				B30D38E82D458C4E00B8196B /* llama-mmap.cpp in Sources */,
				B30D38E92D458C4E00B8196B /* unicode-data.cpp in Sources */,
				B30D38EA2D458C4E00B8196B /* llama-impl.cpp in Sources */,
				B30D38EB2D458C4E00B8196B /* llama-model-loader.cpp in Sources */,
				B30D38EC2D458C4E00B8196B /* llama-kv-cache.cpp in Sources */,
				B30D38ED2D458C4E00B8196B /* llama-chat.cpp in Sources */,
				B34A04482D458A880010D066 /* ggml-quants.c in Sources */,
				B34A044C2D458A880010D066 /* ggml-threading.cpp in Sources */,
				B34A044D2D458A880010D066 /* ggml-backend.cpp in Sources */,
				B34A04522D458A880010D066 /* ggml-cpu.c in Sources */,
				B34A04582D458A880010D066 /* ggml-cpu-quants.c in Sources */,
				B34A04612D458A880010D066 /* ggml-backend-reg.cpp in Sources */,
				B34A04622D458A880010D066 /* ggml-cpu-traits.cpp in Sources */,
				B34A04642D458A880010D066 /* ggml-cpu-aarch64.cpp in Sources */,
				B34A04682D458A880010D066 /* ggml-opt.cpp in Sources */,
				B34A046F2D458A880010D066 /* ggml.c in Sources */,
				B34A04702D458A880010D066 /* ggml-alloc.c in Sources */,
				B34A04712D458A880010D066 /* ggml-cpu.cpp in Sources */,
				B34A04732D458A880010D066 /* gguf.cpp in Sources */,
				B34A04762D458A880010D066 /* cpu-feats-x86.cpp in Sources */,
				B35FDE042DAB91A80068738F /* Downloads.swift in Sources */,
				B3BEE9D82D4EE035009A4168 /* llama.cpp in Sources */,
				B30D39092D458CDF00B8196B /* console.cpp in Sources */,
				B30D390A2D458CDF00B8196B /* common.cpp in Sources */,
				B30D390B2D458CDF00B8196B /* speculative.cpp in Sources */,
				B313D3A52D4826E400155A33 /* ggml-metal.m in Sources */,
				B3E04BD12D84816800C6C67B /* Dispatch.swift in Sources */,
				B313D3A62D4826E400155A33 /* ggml-metal.metal in Sources */,
				B3A482972D5035DC00FCE4A5 /* Gyptix.swift in Sources */,
				B3A482982D5035DC00FCE4A5 /* WebView.swift in Sources */,
				B30D390C2D458CDF00B8196B /* arg.cpp in Sources */,
				B30D390D2D458CDF00B8196B /* json-schema-to-grammar.cpp in Sources */,
				B30D390E2D458CDF00B8196B /* ngram-cache.cpp in Sources */,
				B30D39172D458DA600B8196B /* llama-if.cpp in Sources */,
				B30D39182D458DA600B8196B /* llama-build.cpp in Sources */,
				B30D390F2D458CDF00B8196B /* log.cpp in Sources */,
				B30D39102D458CDF00B8196B /* sampling.cpp in Sources */,
			);
			runOnlyForDeploymentPostprocessing = 0;
		};
/* End PBXSourcesBuildPhase section */

/* Begin XCBuildConfiguration section */
		B323E3752D1CDAB3007BA38C /* Debug */ = {
			isa = XCBuildConfiguration;
			buildSettings = {
				ASSETCATALOG_COMPILER_APPICON_NAME = AppIcon;
				ASSETCATALOG_COMPILER_GLOBAL_ACCENT_COLOR_NAME = AccentColor;
				ASSETCATALOG_COMPILER_INCLUDE_ALL_APPICON_ASSETS = YES;
				CLANG_ENABLE_MODULES = YES;
				CLANG_ENABLE_OBJC_ARC = NO;
				CODE_SIGN_ENTITLEMENTS = gyptix.entitlements;
				CODE_SIGN_STYLE = Automatic;
				CURRENT_PROJECT_VERSION = 250415;
				DEAD_CODE_STRIPPING = YES;
				DEVELOPMENT_ASSET_PATHS = "\"Preview Content\"";
				ENABLE_HARDENED_RUNTIME = YES;
				ENABLE_PREVIEWS = YES;
				FRAMEWORK_SEARCH_PATHS = "";
				GCC_PREPROCESSOR_DEFINITIONS = (
					GGML_USE_CPU,
					GGML_USE_METAL,
					"DEBUG=1",
				);
				"GCC_PREPROCESSOR_DEFINITIONS[arch=arm64]" = (
					GGML_USE_CPU,
					GGML_USE_METAL,
					"DEBUG=1",
				);
				"GCC_PREPROCESSOR_DEFINITIONS[arch=arm64e]" = (
					GGML_USE_CPU,
					GGML_USE_METAL,
					"DEBUG=1",
				);
				"GCC_PREPROCESSOR_DEFINITIONS[arch=x86_64]" = (
					GGML_USE_CPU,
					"DEBUG=1",
				);
				GENERATE_INFOPLIST_FILE = YES;
				HEADER_SEARCH_PATHS = (
					../llama.cpp/include,
					../llama.cpp/common,
				);
				INFOPLIST_FILE = Info.plist;
				INFOPLIST_KEY_CFBundleDisplayName = GyPTix;
				INFOPLIST_KEY_LSApplicationCategoryType = "public.app-category.productivity";
				INFOPLIST_KEY_NSHumanReadableCopyright = "Copyright © 2025 Dmitry \"Leo\" Kuznetsov";
				INFOPLIST_KEY_NSSiriUsageDescription = "This app does not require Siri.";
				"INFOPLIST_KEY_UIApplicationSceneManifest_Generation[sdk=iphoneos*]" = YES;
				"INFOPLIST_KEY_UIApplicationSceneManifest_Generation[sdk=iphonesimulator*]" = YES;
				"INFOPLIST_KEY_UIApplicationSupportsIndirectInputEvents[sdk=iphoneos*]" = YES;
				"INFOPLIST_KEY_UIApplicationSupportsIndirectInputEvents[sdk=iphonesimulator*]" = YES;
				"INFOPLIST_KEY_UILaunchScreen_Generation[sdk=iphoneos*]" = YES;
				"INFOPLIST_KEY_UILaunchScreen_Generation[sdk=iphonesimulator*]" = YES;
				INFOPLIST_KEY_UIRequiresFullScreen = YES;
				INFOPLIST_KEY_UIStatusBarHidden = YES;
				INFOPLIST_KEY_UIStatusBarStyle = "";
				"INFOPLIST_KEY_UIStatusBarStyle[sdk=iphoneos*]" = UIStatusBarStyleDefault;
				"INFOPLIST_KEY_UIStatusBarStyle[sdk=iphonesimulator*]" = UIStatusBarStyleDefault;
				INFOPLIST_KEY_UISupportedInterfaceOrientations = "UIInterfaceOrientationPortrait UIInterfaceOrientationPortraitUpsideDown";
				INFOPLIST_KEY_UISupportedInterfaceOrientations_iPad = "UIInterfaceOrientationLandscapeLeft UIInterfaceOrientationLandscapeRight UIInterfaceOrientationPortrait UIInterfaceOrientationPortraitUpsideDown";
				IPHONEOS_DEPLOYMENT_TARGET = 17.6;
				LD_RUNPATH_SEARCH_PATHS = "@executable_path/Frameworks";
				"LD_RUNPATH_SEARCH_PATHS[sdk=macosx*]" = "@executable_path/../Frameworks";
				MACOSX_DEPLOYMENT_TARGET = 14.6;
				MARKETING_VERSION = 25.04.15;
				OTHER_CFLAGS = "-Wno-ambiguous-macro";
				PRODUCT_BUNDLE_IDENTIFIER = io.github.leok7v.gyptix;
				PRODUCT_NAME = "$(TARGET_NAME)";
				SDKROOT = auto;
				SUPPORTED_PLATFORMS = "iphoneos iphonesimulator macosx";
				SUPPORTS_MACCATALYST = NO;
				SWIFT_EMIT_LOC_STRINGS = YES;
				SWIFT_OBJC_BRIDGING_HEADER = "gyptix-Bridging-Header.h";
				SWIFT_OPTIMIZATION_LEVEL = "-Onone";
				SWIFT_VERSION = 5.0;
				TARGETED_DEVICE_FAMILY = "1,2";
				USER_HEADER_SEARCH_PATHS = (
					../llama.cpp/include,
					../llama.cpp/common,
					../llama.cpp/ggml/include,
				);
				XROS_DEPLOYMENT_TARGET = 2.2;
			};
			name = Debug;
		};
		B323E3762D1CDAB3007BA38C /* Release */ = {
			isa = XCBuildConfiguration;
			buildSettings = {
				ASSETCATALOG_COMPILER_APPICON_NAME = AppIcon;
				ASSETCATALOG_COMPILER_GLOBAL_ACCENT_COLOR_NAME = AccentColor;
				ASSETCATALOG_COMPILER_INCLUDE_ALL_APPICON_ASSETS = YES;
				CLANG_ENABLE_MODULES = YES;
				CLANG_ENABLE_OBJC_ARC = NO;
				CODE_SIGN_ENTITLEMENTS = gyptix.entitlements;
				CODE_SIGN_STYLE = Automatic;
				CURRENT_PROJECT_VERSION = 250415;
				DEAD_CODE_STRIPPING = YES;
				DEVELOPMENT_ASSET_PATHS = "\"Preview Content\"";
				ENABLE_HARDENED_RUNTIME = YES;
				ENABLE_PREVIEWS = YES;
				FRAMEWORK_SEARCH_PATHS = "";
				GCC_PREPROCESSOR_DEFINITIONS = (
					GGML_USE_CPU,
					GGML_USE_METAL,
				);
				"GCC_PREPROCESSOR_DEFINITIONS[arch=arm64]" = (
					GGML_USE_CPU,
					GGML_USE_METAL,
				);
				"GCC_PREPROCESSOR_DEFINITIONS[arch=arm64e]" = (
					GGML_USE_CPU,
					GGML_USE_METAL,
				);
				"GCC_PREPROCESSOR_DEFINITIONS[arch=x86_64]" = GGML_USE_CPU;
				GENERATE_INFOPLIST_FILE = YES;
				HEADER_SEARCH_PATHS = (
					../llama.cpp/include,
					../llama.cpp/common,
				);
				INFOPLIST_FILE = Info.plist;
				INFOPLIST_KEY_CFBundleDisplayName = GyPTix;
				INFOPLIST_KEY_LSApplicationCategoryType = "public.app-category.productivity";
				INFOPLIST_KEY_NSHumanReadableCopyright = "Copyright © 2025 Dmitry \"Leo\" Kuznetsov";
				INFOPLIST_KEY_NSSiriUsageDescription = "This app does not require Siri.";
				"INFOPLIST_KEY_UIApplicationSceneManifest_Generation[sdk=iphoneos*]" = YES;
				"INFOPLIST_KEY_UIApplicationSceneManifest_Generation[sdk=iphonesimulator*]" = YES;
				"INFOPLIST_KEY_UIApplicationSupportsIndirectInputEvents[sdk=iphoneos*]" = YES;
				"INFOPLIST_KEY_UIApplicationSupportsIndirectInputEvents[sdk=iphonesimulator*]" = YES;
				"INFOPLIST_KEY_UILaunchScreen_Generation[sdk=iphoneos*]" = YES;
				"INFOPLIST_KEY_UILaunchScreen_Generation[sdk=iphonesimulator*]" = YES;
				INFOPLIST_KEY_UIRequiresFullScreen = YES;
				INFOPLIST_KEY_UIStatusBarHidden = YES;
				INFOPLIST_KEY_UIStatusBarStyle = "";
				"INFOPLIST_KEY_UIStatusBarStyle[sdk=iphoneos*]" = UIStatusBarStyleDefault;
				"INFOPLIST_KEY_UIStatusBarStyle[sdk=iphonesimulator*]" = UIStatusBarStyleDefault;
				INFOPLIST_KEY_UISupportedInterfaceOrientations = "UIInterfaceOrientationPortrait UIInterfaceOrientationPortraitUpsideDown";
				INFOPLIST_KEY_UISupportedInterfaceOrientations_iPad = "UIInterfaceOrientationLandscapeLeft UIInterfaceOrientationLandscapeRight UIInterfaceOrientationPortrait UIInterfaceOrientationPortraitUpsideDown";
				IPHONEOS_DEPLOYMENT_TARGET = 17.6;
				LD_RUNPATH_SEARCH_PATHS = "@executable_path/Frameworks";
				"LD_RUNPATH_SEARCH_PATHS[sdk=macosx*]" = "@executable_path/../Frameworks";
				MACOSX_DEPLOYMENT_TARGET = 14.6;
				MARKETING_VERSION = 25.04.15;
				OTHER_CFLAGS = "-Wno-ambiguous-macro";
				PRODUCT_BUNDLE_IDENTIFIER = io.github.leok7v.gyptix;
				PRODUCT_NAME = "$(TARGET_NAME)";
				SDKROOT = auto;
				SUPPORTED_PLATFORMS = "iphoneos iphonesimulator macosx";
				SUPPORTS_MACCATALYST = NO;
				SWIFT_EMIT_LOC_STRINGS = YES;
				SWIFT_OBJC_BRIDGING_HEADER = "gyptix-Bridging-Header.h";
				SWIFT_VERSION = 5.0;
				TARGETED_DEVICE_FAMILY = "1,2";
				USER_HEADER_SEARCH_PATHS = (
					../llama.cpp/include,
					../llama.cpp/common,
					../llama.cpp/ggml/include,
				);
				XROS_DEPLOYMENT_TARGET = 2.2;
			};
			name = Release;
		};
		B323E3772D1CDAB3007BA38C /* Debug */ = {
			isa = XCBuildConfiguration;
			buildSettings = {
				ALWAYS_SEARCH_USER_PATHS = NO;
				ASSETCATALOG_COMPILER_APPICON_NAME = "";
				ASSETCATALOG_COMPILER_GENERATE_SWIFT_ASSET_SYMBOL_EXTENSIONS = YES;
				ASSETCATALOG_COMPILER_INCLUDE_ALL_APPICON_ASSETS = YES;
				CLANG_ANALYZER_NONNULL = YES;
				CLANG_ANALYZER_NUMBER_OBJECT_CONVERSION = YES_AGGRESSIVE;
				CLANG_CXX_LANGUAGE_STANDARD = "gnu++20";
				CLANG_ENABLE_MODULES = YES;
				CLANG_ENABLE_OBJC_ARC = YES;
				CLANG_ENABLE_OBJC_WEAK = YES;
				CLANG_WARN_BLOCK_CAPTURE_AUTORELEASING = YES;
				CLANG_WARN_BOOL_CONVERSION = YES;
				CLANG_WARN_COMMA = YES;
				CLANG_WARN_CONSTANT_CONVERSION = YES;
				CLANG_WARN_DEPRECATED_OBJC_IMPLEMENTATIONS = YES;
				CLANG_WARN_DIRECT_OBJC_ISA_USAGE = YES_ERROR;
				CLANG_WARN_DOCUMENTATION_COMMENTS = NO;
				CLANG_WARN_EMPTY_BODY = YES;
				CLANG_WARN_ENUM_CONVERSION = YES;
				CLANG_WARN_INFINITE_RECURSION = YES;
				CLANG_WARN_INT_CONVERSION = YES;
				CLANG_WARN_NON_LITERAL_NULL_CONVERSION = YES;
				CLANG_WARN_OBJC_IMPLICIT_RETAIN_SELF = YES;
				CLANG_WARN_OBJC_LITERAL_CONVERSION = YES;
				CLANG_WARN_OBJC_ROOT_CLASS = YES_ERROR;
				CLANG_WARN_QUOTED_INCLUDE_IN_FRAMEWORK_HEADER = YES;
				CLANG_WARN_RANGE_LOOP_ANALYSIS = YES;
				CLANG_WARN_STRICT_PROTOTYPES = YES;
				CLANG_WARN_SUSPICIOUS_IMPLICIT_CONVERSION = NO;
				CLANG_WARN_SUSPICIOUS_MOVE = YES;
				CLANG_WARN_UNGUARDED_AVAILABILITY = YES_AGGRESSIVE;
				CLANG_WARN_UNREACHABLE_CODE = YES;
				CLANG_WARN_VEXING_PARSE = NO;
				CLANG_WARN__DUPLICATE_METHOD_MATCH = YES;
				COPY_PHASE_STRIP = NO;
				DEAD_CODE_STRIPPING = YES;
				DEBUG_INFORMATION_FORMAT = dwarf;
				DEVELOPMENT_TEAM = 692R843P25;
				ENABLE_STRICT_OBJC_MSGSEND = YES;
				ENABLE_TESTABILITY = YES;
				ENABLE_USER_SCRIPT_SANDBOXING = YES;
				GCC_C_LANGUAGE_STANDARD = gnu17;
				GCC_DYNAMIC_NO_PIC = NO;
				GCC_NO_COMMON_BLOCKS = YES;
				GCC_OPTIMIZATION_LEVEL = 0;
				GCC_PREPROCESSOR_DEFINITIONS = (
					"DEBUG=1",
					"$(inherited)",
				);
				GCC_WARN_64_TO_32_BIT_CONVERSION = NO;
				GCC_WARN_ABOUT_RETURN_TYPE = YES_ERROR;
				GCC_WARN_UNDECLARED_SELECTOR = YES;
				GCC_WARN_UNINITIALIZED_AUTOS = NO;
				GCC_WARN_UNUSED_FUNCTION = NO;
				GCC_WARN_UNUSED_VARIABLE = NO;
				INFOPLIST_KEY_NSHumanReadableCopyright = "Copyright © Dmitry \"Leo\" Kuznetsov";
				IPHONEOS_DEPLOYMENT_TARGET = 15.6;
				LOCALIZATION_PREFERS_STRING_CATALOGS = YES;
				MACOSX_DEPLOYMENT_TARGET = 14.6;
				MTL_ENABLE_DEBUG_INFO = INCLUDE_SOURCE;
				MTL_FAST_MATH = YES;
				ONLY_ACTIVE_ARCH = YES;
				SWIFT_ACTIVE_COMPILATION_CONDITIONS = "DEBUG $(inherited)";
				SWIFT_OPTIMIZATION_LEVEL = "-Onone";
			};
			name = Debug;
		};
		B323E3782D1CDAB3007BA38C /* Release */ = {
			isa = XCBuildConfiguration;
			buildSettings = {
				ALWAYS_SEARCH_USER_PATHS = NO;
				ASSETCATALOG_COMPILER_APPICON_NAME = "";
				ASSETCATALOG_COMPILER_GENERATE_SWIFT_ASSET_SYMBOL_EXTENSIONS = YES;
				ASSETCATALOG_COMPILER_INCLUDE_ALL_APPICON_ASSETS = YES;
				CLANG_ANALYZER_NONNULL = YES;
				CLANG_ANALYZER_NUMBER_OBJECT_CONVERSION = YES_AGGRESSIVE;
				CLANG_CXX_LANGUAGE_STANDARD = "gnu++20";
				CLANG_ENABLE_MODULES = YES;
				CLANG_ENABLE_OBJC_ARC = YES;
				CLANG_ENABLE_OBJC_WEAK = YES;
				CLANG_WARN_BLOCK_CAPTURE_AUTORELEASING = YES;
				CLANG_WARN_BOOL_CONVERSION = YES;
				CLANG_WARN_COMMA = YES;
				CLANG_WARN_CONSTANT_CONVERSION = YES;
				CLANG_WARN_DEPRECATED_OBJC_IMPLEMENTATIONS = YES;
				CLANG_WARN_DIRECT_OBJC_ISA_USAGE = YES_ERROR;
				CLANG_WARN_DOCUMENTATION_COMMENTS = NO;
				CLANG_WARN_EMPTY_BODY = YES;
				CLANG_WARN_ENUM_CONVERSION = YES;
				CLANG_WARN_INFINITE_RECURSION = YES;
				CLANG_WARN_INT_CONVERSION = YES;
				CLANG_WARN_NON_LITERAL_NULL_CONVERSION = YES;
				CLANG_WARN_OBJC_IMPLICIT_RETAIN_SELF = YES;
				CLANG_WARN_OBJC_LITERAL_CONVERSION = YES;
				CLANG_WARN_OBJC_ROOT_CLASS = YES_ERROR;
				CLANG_WARN_QUOTED_INCLUDE_IN_FRAMEWORK_HEADER = YES;
				CLANG_WARN_RANGE_LOOP_ANALYSIS = YES;
				CLANG_WARN_STRICT_PROTOTYPES = YES;
				CLANG_WARN_SUSPICIOUS_IMPLICIT_CONVERSION = NO;
				CLANG_WARN_SUSPICIOUS_MOVE = YES;
				CLANG_WARN_UNGUARDED_AVAILABILITY = YES_AGGRESSIVE;
				CLANG_WARN_UNREACHABLE_CODE = YES;
				CLANG_WARN_VEXING_PARSE = NO;
				CLANG_WARN__DUPLICATE_METHOD_MATCH = YES;
				COPY_PHASE_STRIP = NO;
				DEAD_CODE_STRIPPING = YES;
				DEBUG_INFORMATION_FORMAT = "dwarf-with-dsym";
				DEVELOPMENT_TEAM = 692R843P25;
				ENABLE_NS_ASSERTIONS = NO;
				ENABLE_STRICT_OBJC_MSGSEND = YES;
				ENABLE_USER_SCRIPT_SANDBOXING = YES;
				GCC_C_LANGUAGE_STANDARD = gnu17;
				GCC_NO_COMMON_BLOCKS = YES;
				GCC_PREPROCESSOR_DEFINITIONS = "";
				GCC_WARN_64_TO_32_BIT_CONVERSION = NO;
				GCC_WARN_ABOUT_RETURN_TYPE = YES_ERROR;
				GCC_WARN_UNDECLARED_SELECTOR = YES;
				GCC_WARN_UNINITIALIZED_AUTOS = NO;
				GCC_WARN_UNUSED_FUNCTION = NO;
				GCC_WARN_UNUSED_VARIABLE = NO;
				INFOPLIST_KEY_NSHumanReadableCopyright = "Copyright © Dmitry \"Leo\" Kuznetsov";
				IPHONEOS_DEPLOYMENT_TARGET = 15.6;
				LOCALIZATION_PREFERS_STRING_CATALOGS = YES;
				MACOSX_DEPLOYMENT_TARGET = 14.6;
				MTL_ENABLE_DEBUG_INFO = NO;
				MTL_FAST_MATH = YES;
				SWIFT_COMPILATION_MODE = wholemodule;
			};
			name = Release;
		};
/* End XCBuildConfiguration section */

/* Begin XCConfigurationList section */
		B323E35E2D1CDAB2007BA38C /* Build configuration list for PBXProject "gyptix" */ = {
			isa = XCConfigurationList;
			buildConfigurations = (
				B323E3772D1CDAB3007BA38C /* Debug */,
				B323E3782D1CDAB3007BA38C /* Release */,
			);
			defaultConfigurationIsVisible = 0;
			defaultConfigurationName = Release;
		};
		B323E3742D1CDAB3007BA38C /* Build configuration list for PBXNativeTarget "GyPTix" */ = {
			isa = XCConfigurationList;
			buildConfigurations = (
				B323E3752D1CDAB3007BA38C /* Debug */,
				B323E3762D1CDAB3007BA38C /* Release */,
			);
			defaultConfigurationIsVisible = 0;
			defaultConfigurationName = Release;
		};
/* End XCConfigurationList section */
	};
	rootObject = B323E35B2D1CDAB2007BA38C /* Project object */;
}
